
Microsoft Visual Studio Solution File, Format Version 12.00
# Visual Studio Version 17
VisualStudioVersion = 17.7.34031.279
MinimumVisualStudioVersion = 10.0.40219.1
Project("{9A19103F-16F7-4668-BE54-9A1E7A4F7556}") = "FingerprintManager", "FingerprintManager\FingerprintManager.csproj", "{4FCD977D-CA74-4928-9F68-DE2E5E0EAEF7}"
EndProject
Project("{9A19103F-16F7-4668-BE54-9A1E7A4F7556}") = "FingerprintManager.Desktop", "FingerprintManager.Desktop\FingerprintManager.Desktop.csproj", "{31B97CC1-436A-42AD-B266-AB72DD3F0EFB}"
EndProject
Project("{FAE04EC0-301F-11D3-BF4B-00C04F79EFBC}") = "R503FingerprintComms", "R503FingerprintComms\R503FingerprintComms.csproj", "{E1F788E6-FF2F-4011-B73C-6DE6E58B2229}"
EndProject
Global
	GlobalSection(SolutionConfigurationPlatforms) = preSolution
		Debug|Any CPU = Debug|Any CPU
		Release|Any CPU = Release|Any CPU
	EndGlobalSection
	GlobalSection(ProjectConfigurationPlatforms) = postSolution
		{4FCD977D-CA74-4928-9F68-DE2E5E0EAEF7}.Debug|Any CPU.ActiveCfg = Debug|Any CPU
		{4FCD977D-CA74-4928-9F68-DE2E5E0EAEF7}.Debug|Any CPU.Build.0 = Debug|Any CPU
		{4FCD977D-CA74-4928-9F68-DE2E5E0EAEF7}.Release|Any CPU.ActiveCfg = Release|Any CPU
		{4FCD977D-CA74-4928-9F68-DE2E5E0EAEF7}.Release|Any CPU.Build.0 = Release|Any CPU
		{31B97CC1-436A-42AD-B266-AB72DD3F0EFB}.Debug|Any CPU.ActiveCfg = Debug|Any CPU
		{31B97CC1-436A-42AD-B266-AB72DD3F0EFB}.Debug|Any CPU.Build.0 = Debug|Any CPU
		{31B97CC1-436A-42AD-B266-AB72DD3F0EFB}.Release|Any CPU.ActiveCfg = Release|Any CPU
		{31B97CC1-436A-42AD-B266-AB72DD3F0EFB}.Release|Any CPU.Build.0 = Release|Any CPU
		{E1F788E6-FF2F-4011-B73C-6DE6E58B2229}.Debug|Any CPU.ActiveCfg = Debug|Any CPU
		{E1F788E6-FF2F-4011-B73C-6DE6E58B2229}.Debug|Any CPU.Build.0 = Debug|Any CPU
		{E1F788E6-FF2F-4011-B73C-6DE6E58B2229}.Release|Any CPU.ActiveCfg = Release|Any CPU
		{E1F788E6-FF2F-4011-B73C-6DE6E58B2229}.Release|Any CPU.Build.0 = Release|Any CPU
	EndGlobalSection
	GlobalSection(SolutionProperties) = preSolution
		HideSolutionNode = FALSE
	EndGlobalSection
	GlobalSection(ExtensibilityGlobals) = postSolution
		SolutionGuid = {EF6E0BD6-842A-427F-993F-2C3A436435BD}
	EndGlobalSection
EndGlobal
